
Microsoft Visual Studio Solution File, Format Version 12.00
# Visual Studio Version 17
VisualStudioVersion = 17.5.002.0
MinimumVisualStudioVersion = 10.0.40219.1
Project("{9A19103F-16F7-4668-BE54-9A1E7A4F7556}") = "EasyValorantAPI", "EasyValorantAPI.csproj", "{CD16F7DE-1872-496C-8566-44D86D450611}"
EndProject
Global
	GlobalSection(SolutionConfigurationPlatforms) = preSolution
		Debug|Any CPU = Debug|Any CPU
		Release|Any CPU = Release|Any CPU
	EndGlobalSection
	GlobalSection(ProjectConfigurationPlatforms) = postSolution
		{CD16F7DE-1872-496C-8566-44D86D450611}.Debug|Any CPU.ActiveCfg = Debug|Any CPU
		{CD16F7DE-1872-496C-8566-44D86D450611}.Debug|Any CPU.Build.0 = Debug|Any CPU
		{CD16F7DE-1872-496C-8566-44D86D450611}.Release|Any CPU.ActiveCfg = Release|Any CPU
		{CD16F7DE-1872-496C-8566-44D86D450611}.Release|Any CPU.Build.0 = Release|Any CPU
	EndGlobalSection
	GlobalSection(SolutionProperties) = preSolution
		HideSolutionNode = FALSE
	EndGlobalSection
	GlobalSection(ExtensibilityGlobals) = postSolution
		SolutionGuid = {E9EEB941-949D-4FBE-BCF5-9BFF911C8F5E}
	EndGlobalSection
EndGlobal